
Microsoft Visual Studio Solution File, Format Version 12.00
# Visual Studio Version 17
VisualStudioVersion = 17.13.35931.197 d17.13
MinimumVisualStudioVersion = 10.0.40219.1
Project("{FAE04EC0-301F-11D3-BF4B-00C04F79EFBC}") = "Music Player", "Music Player\Music Player.csproj", "{BCFBFD4A-1EC8-47CF-87C3-6B76C45E7478}"
EndProject
Global
	GlobalSection(SolutionConfigurationPlatforms) = preSolution
		Debug|Any CPU = Debug|Any CPU
		Release|Any CPU = Release|Any CPU
	EndGlobalSection
	GlobalSection(ProjectConfigurationPlatforms) = postSolution
		{BCFBFD4A-1EC8-47CF-87C3-6B76C45E7478}.Debug|Any CPU.ActiveCfg = Debug|Any CPU
		{BCFBFD4A-1EC8-47CF-87C3-6B76C45E7478}.Debug|Any CPU.Build.0 = Debug|Any CPU
		{BCFBFD4A-1EC8-47CF-87C3-6B76C45E7478}.Release|Any CPU.ActiveCfg = Release|Any CPU
		{BCFBFD4A-1EC8-47CF-87C3-6B76C45E7478}.Release|Any CPU.Build.0 = Release|Any CPU
	EndGlobalSection
	GlobalSection(SolutionProperties) = preSolution
		HideSolutionNode = FALSE
	EndGlobalSection
	GlobalSection(ExtensibilityGlobals) = postSolution
		SolutionGuid = {F6EE1B05-7063-4CF7-8257-304C5BCAEE98}
	EndGlobalSection
EndGlobal
