
Microsoft Visual Studio Solution File, Format Version 12.00
# Visual Studio Version 17
VisualStudioVersion = 17.6.33723.286
MinimumVisualStudioVersion = 10.0.40219.1
Project("{FAE04EC0-301F-11D3-BF4B-00C04F79EFBC}") = "Fitness tracker", "Fitness tracker\Fitness tracker.csproj", "{8F33AEE3-21EC-49EF-AA4C-F8B27F08BFE5}"
EndProject
Global
	GlobalSection(SolutionConfigurationPlatforms) = preSolution
		Debug|Any CPU = Debug|Any CPU
		Release|Any CPU = Release|Any CPU
	EndGlobalSection
	GlobalSection(ProjectConfigurationPlatforms) = postSolution
		{8F33AEE3-21EC-49EF-AA4C-F8B27F08BFE5}.Debug|Any CPU.ActiveCfg = Debug|Any CPU
		{8F33AEE3-21EC-49EF-AA4C-F8B27F08BFE5}.Debug|Any CPU.Build.0 = Debug|Any CPU
		{8F33AEE3-21EC-49EF-AA4C-F8B27F08BFE5}.Release|Any CPU.ActiveCfg = Release|Any CPU
		{8F33AEE3-21EC-49EF-AA4C-F8B27F08BFE5}.Release|Any CPU.Build.0 = Release|Any CPU
	EndGlobalSection
	GlobalSection(SolutionProperties) = preSolution
		HideSolutionNode = FALSE
	EndGlobalSection
	GlobalSection(ExtensibilityGlobals) = postSolution
		SolutionGuid = {0B3EE733-8FBF-4495-9EAF-AE75F6F25D93}
	EndGlobalSection
EndGlobal
